{
    "version": 3,
    "terraform_version": "0.11.10",
    "serial": 38,
    "lineage": "8f6ff593-be08-d44a-965c-c084c44eeb89",
    "modules": [
        {
            "path": [
                "root"
            ],
            "outputs": {
                "bastionbal": {
                    "sensitive": false,
                    "type": "string",
                    "value": "34.76.229.86"
                },
                "web1": {
                    "sensitive": false,
                    "type": "string",
                    "value": "35.195.157.212"
                },
                "web2": {
                    "sensitive": false,
                    "type": "string",
                    "value": "35.241.231.146"
                },
                "web3": {
                    "sensitive": false,
                    "type": "string",
                    "value": "35.195.178.35"
                }
            },
            "resources": {
                "google_compute_firewall.frontend_rules": {
                    "type": "google_compute_firewall",
                    "depends_on": [],
                    "primary": {
                        "id": "frontend",
                        "attributes": {
                            "allow.#": "1",
                            "allow.1250112605.ports.#": "2",
                            "allow.1250112605.ports.0": "80",
                            "allow.1250112605.ports.1": "443",
                            "allow.1250112605.protocol": "tcp",
                            "creation_timestamp": "2019-01-18T10:02:57.973-08:00",
                            "deny.#": "0",
                            "description": "",
                            "destination_ranges.#": "0",
                            "direction": "INGRESS",
                            "disabled": "false",
                            "enable_logging": "false",
                            "id": "frontend",
                            "name": "frontend",
                            "network": "https://www.googleapis.com/compute/v1/projects/agisit1819-17-224811/global/networks/default",
                            "priority": "1000",
                            "project": "agisit1819-17-224811",
                            "self_link": "https://www.googleapis.com/compute/v1/projects/agisit1819-17-224811/global/firewalls/frontend",
                            "source_ranges.#": "1",
                            "source_ranges.1080289494": "0.0.0.0/0",
                            "source_service_accounts.#": "0",
                            "source_tags.#": "0",
                            "target_service_accounts.#": "0",
                            "target_tags.#": "1",
                            "target_tags.3685293426": "bastionbal"
                        },
                        "meta": {
                            "e2bfb730-ecaa-11e6-8f88-34363bc7c4c0": {
                                "create": 240000000000,
                                "delete": 240000000000,
                                "update": 240000000000
                            },
                            "schema_version": "1"
                        },
                        "tainted": false
                    },
                    "deposed": [],
                    "provider": "provider.google"
                },
                "google_compute_instance.bastionbal": {
                    "type": "google_compute_instance",
                    "depends_on": [],
                    "primary": {
                        "id": "bastionbal",
                        "attributes": {
                            "attached_disk.#": "0",
                            "boot_disk.#": "1",
                            "boot_disk.0.auto_delete": "true",
                            "boot_disk.0.device_name": "persistent-disk-0",
                            "boot_disk.0.disk_encryption_key_raw": "",
                            "boot_disk.0.disk_encryption_key_sha256": "",
                            "boot_disk.0.initialize_params.#": "1",
                            "boot_disk.0.initialize_params.0.image": "https://www.googleapis.com/compute/v1/projects/ubuntu-os-cloud/global/images/ubuntu-1604-xenial-v20190112",
                            "boot_disk.0.initialize_params.0.size": "10",
                            "boot_disk.0.initialize_params.0.type": "pd-standard",
                            "boot_disk.0.source": "https://www.googleapis.com/compute/v1/projects/agisit1819-17-224811/zones/europe-west1-b/disks/bastionbal",
                            "can_ip_forward": "false",
                            "cpu_platform": "Intel Sandy Bridge",
                            "create_timeout": "4",
                            "deletion_protection": "false",
                            "guest_accelerator.#": "0",
                            "id": "bastionbal",
                            "instance_id": "4967815680787196477",
                            "label_fingerprint": "42WmSpB8rSM=",
                            "labels.%": "0",
                            "machine_type": "n1-standard-1",
                            "metadata.%": "0",
                            "metadata_fingerprint": "Z5wO0HCnOas=",
                            "metadata_startup_script": "",
                            "min_cpu_platform": "",
                            "name": "bastionbal",
                            "network_interface.#": "1",
                            "network_interface.0.access_config.#": "1",
                            "network_interface.0.access_config.0.assigned_nat_ip": "34.76.229.86",
                            "network_interface.0.access_config.0.nat_ip": "34.76.229.86",
                            "network_interface.0.access_config.0.network_tier": "PREMIUM",
                            "network_interface.0.access_config.0.public_ptr_domain_name": "",
                            "network_interface.0.address": "10.132.15.214",
                            "network_interface.0.alias_ip_range.#": "0",
                            "network_interface.0.name": "nic0",
                            "network_interface.0.network": "https://www.googleapis.com/compute/v1/projects/agisit1819-17-224811/global/networks/default",
                            "network_interface.0.network_ip": "10.132.15.214",
                            "network_interface.0.subnetwork": "https://www.googleapis.com/compute/v1/projects/agisit1819-17-224811/regions/europe-west1/subnetworks/default",
                            "network_interface.0.subnetwork_project": "agisit1819-17-224811",
                            "project": "agisit1819-17-224811",
                            "scheduling.#": "1",
                            "scheduling.0.automatic_restart": "false",
                            "scheduling.0.on_host_maintenance": "MIGRATE",
                            "scheduling.0.preemptible": "false",
                            "scratch_disk.#": "0",
                            "self_link": "https://www.googleapis.com/compute/v1/projects/agisit1819-17-224811/zones/europe-west1-b/instances/bastionbal",
                            "service_account.#": "0",
                            "tags.#": "1",
                            "tags.3685293426": "bastionbal",
                            "tags_fingerprint": "otprw1T5-v0=",
                            "zone": "europe-west1-b"
                        },
                        "meta": {
                            "e2bfb730-ecaa-11e6-8f88-34363bc7c4c0": {
                                "create": 360000000000,
                                "delete": 360000000000,
                                "update": 360000000000
                            },
                            "schema_version": "6"
                        },
                        "tainted": false
                    },
                    "deposed": [],
                    "provider": "provider.google"
                },
                "google_compute_instance.webserver1": {
                    "type": "google_compute_instance",
                    "depends_on": [],
                    "primary": {
                        "id": "web1",
                        "attributes": {
                            "attached_disk.#": "0",
                            "boot_disk.#": "1",
                            "boot_disk.0.auto_delete": "true",
                            "boot_disk.0.device_name": "persistent-disk-0",
                            "boot_disk.0.disk_encryption_key_raw": "",
                            "boot_disk.0.disk_encryption_key_sha256": "",
                            "boot_disk.0.initialize_params.#": "1",
                            "boot_disk.0.initialize_params.0.image": "https://www.googleapis.com/compute/v1/projects/ubuntu-os-cloud/global/images/ubuntu-1604-xenial-v20190112",
                            "boot_disk.0.initialize_params.0.size": "10",
                            "boot_disk.0.initialize_params.0.type": "pd-standard",
                            "boot_disk.0.source": "https://www.googleapis.com/compute/v1/projects/agisit1819-17-224811/zones/europe-west1-b/disks/web1",
                            "can_ip_forward": "false",
                            "cpu_platform": "Intel Sandy Bridge",
                            "create_timeout": "4",
                            "deletion_protection": "false",
                            "guest_accelerator.#": "0",
                            "id": "web1",
                            "instance_id": "7937808608470739517",
                            "label_fingerprint": "42WmSpB8rSM=",
                            "labels.%": "0",
                            "machine_type": "n1-standard-1",
                            "metadata.%": "0",
                            "metadata_fingerprint": "Z5wO0HCnOas=",
                            "metadata_startup_script": "",
                            "min_cpu_platform": "",
                            "name": "web1",
                            "network_interface.#": "1",
                            "network_interface.0.access_config.#": "1",
                            "network_interface.0.access_config.0.assigned_nat_ip": "35.195.157.212",
                            "network_interface.0.access_config.0.nat_ip": "35.195.157.212",
                            "network_interface.0.access_config.0.network_tier": "PREMIUM",
                            "network_interface.0.access_config.0.public_ptr_domain_name": "",
                            "network_interface.0.address": "10.132.15.213",
                            "network_interface.0.alias_ip_range.#": "0",
                            "network_interface.0.name": "nic0",
                            "network_interface.0.network": "https://www.googleapis.com/compute/v1/projects/agisit1819-17-224811/global/networks/default",
                            "network_interface.0.network_ip": "10.132.15.213",
                            "network_interface.0.subnetwork": "https://www.googleapis.com/compute/v1/projects/agisit1819-17-224811/regions/europe-west1/subnetworks/default",
                            "network_interface.0.subnetwork_project": "agisit1819-17-224811",
                            "project": "agisit1819-17-224811",
                            "scheduling.#": "1",
                            "scheduling.0.automatic_restart": "false",
                            "scheduling.0.on_host_maintenance": "MIGRATE",
                            "scheduling.0.preemptible": "false",
                            "scratch_disk.#": "0",
                            "self_link": "https://www.googleapis.com/compute/v1/projects/agisit1819-17-224811/zones/europe-west1-b/instances/web1",
                            "service_account.#": "0",
                            "tags.#": "1",
                            "tags.365508689": "web",
                            "tags_fingerprint": "3d9fNIIa_10=",
                            "zone": "europe-west1-b"
                        },
                        "meta": {
                            "e2bfb730-ecaa-11e6-8f88-34363bc7c4c0": {
                                "create": 360000000000,
                                "delete": 360000000000,
                                "update": 360000000000
                            },
                            "schema_version": "6"
                        },
                        "tainted": false
                    },
                    "deposed": [],
                    "provider": "provider.google"
                },
                "google_compute_instance.webserver2": {
                    "type": "google_compute_instance",
                    "depends_on": [],
                    "primary": {
                        "id": "web2",
                        "attributes": {
                            "attached_disk.#": "0",
                            "boot_disk.#": "1",
                            "boot_disk.0.auto_delete": "true",
                            "boot_disk.0.device_name": "persistent-disk-0",
                            "boot_disk.0.disk_encryption_key_raw": "",
                            "boot_disk.0.disk_encryption_key_sha256": "",
                            "boot_disk.0.initialize_params.#": "1",
                            "boot_disk.0.initialize_params.0.image": "https://www.googleapis.com/compute/v1/projects/ubuntu-os-cloud/global/images/ubuntu-1604-xenial-v20190112",
                            "boot_disk.0.initialize_params.0.size": "10",
                            "boot_disk.0.initialize_params.0.type": "pd-standard",
                            "boot_disk.0.source": "https://www.googleapis.com/compute/v1/projects/agisit1819-17-224811/zones/europe-west1-b/disks/web2",
                            "can_ip_forward": "false",
                            "cpu_platform": "Intel Sandy Bridge",
                            "create_timeout": "4",
                            "deletion_protection": "false",
                            "guest_accelerator.#": "0",
                            "id": "web2",
                            "instance_id": "5365826103924468285",
                            "label_fingerprint": "42WmSpB8rSM=",
                            "labels.%": "0",
                            "machine_type": "n1-standard-1",
                            "metadata.%": "0",
                            "metadata_fingerprint": "Z5wO0HCnOas=",
                            "metadata_startup_script": "",
                            "min_cpu_platform": "",
                            "name": "web2",
                            "network_interface.#": "1",
                            "network_interface.0.access_config.#": "1",
                            "network_interface.0.access_config.0.assigned_nat_ip": "35.241.231.146",
                            "network_interface.0.access_config.0.nat_ip": "35.241.231.146",
                            "network_interface.0.access_config.0.network_tier": "PREMIUM",
                            "network_interface.0.access_config.0.public_ptr_domain_name": "",
                            "network_interface.0.address": "10.132.15.215",
                            "network_interface.0.alias_ip_range.#": "0",
                            "network_interface.0.name": "nic0",
                            "network_interface.0.network": "https://www.googleapis.com/compute/v1/projects/agisit1819-17-224811/global/networks/default",
                            "network_interface.0.network_ip": "10.132.15.215",
                            "network_interface.0.subnetwork": "https://www.googleapis.com/compute/v1/projects/agisit1819-17-224811/regions/europe-west1/subnetworks/default",
                            "network_interface.0.subnetwork_project": "agisit1819-17-224811",
                            "project": "agisit1819-17-224811",
                            "scheduling.#": "1",
                            "scheduling.0.automatic_restart": "false",
                            "scheduling.0.on_host_maintenance": "MIGRATE",
                            "scheduling.0.preemptible": "false",
                            "scratch_disk.#": "0",
                            "self_link": "https://www.googleapis.com/compute/v1/projects/agisit1819-17-224811/zones/europe-west1-b/instances/web2",
                            "service_account.#": "0",
                            "tags.#": "1",
                            "tags.365508689": "web",
                            "tags_fingerprint": "3d9fNIIa_10=",
                            "zone": "europe-west1-b"
                        },
                        "meta": {
                            "e2bfb730-ecaa-11e6-8f88-34363bc7c4c0": {
                                "create": 360000000000,
                                "delete": 360000000000,
                                "update": 360000000000
                            },
                            "schema_version": "6"
                        },
                        "tainted": false
                    },
                    "deposed": [],
                    "provider": "provider.google"
                },
                "google_compute_instance.webserver3": {
                    "type": "google_compute_instance",
                    "depends_on": [],
                    "primary": {
                        "id": "web3",
                        "attributes": {
                            "attached_disk.#": "0",
                            "boot_disk.#": "1",
                            "boot_disk.0.auto_delete": "true",
                            "boot_disk.0.device_name": "persistent-disk-0",
                            "boot_disk.0.disk_encryption_key_raw": "",
                            "boot_disk.0.disk_encryption_key_sha256": "",
                            "boot_disk.0.initialize_params.#": "1",
                            "boot_disk.0.initialize_params.0.image": "https://www.googleapis.com/compute/v1/projects/ubuntu-os-cloud/global/images/ubuntu-1604-xenial-v20190112",
                            "boot_disk.0.initialize_params.0.size": "10",
                            "boot_disk.0.initialize_params.0.type": "pd-standard",
                            "boot_disk.0.source": "https://www.googleapis.com/compute/v1/projects/agisit1819-17-224811/zones/europe-west1-b/disks/web3",
                            "can_ip_forward": "false",
                            "cpu_platform": "Intel Sandy Bridge",
                            "create_timeout": "4",
                            "deletion_protection": "false",
                            "guest_accelerator.#": "0",
                            "id": "web3",
                            "instance_id": "8164480970715540029",
                            "label_fingerprint": "42WmSpB8rSM=",
                            "labels.%": "0",
                            "machine_type": "n1-standard-1",
                            "metadata.%": "0",
                            "metadata_fingerprint": "Z5wO0HCnOas=",
                            "metadata_startup_script": "",
                            "min_cpu_platform": "",
                            "name": "web3",
                            "network_interface.#": "1",
                            "network_interface.0.access_config.#": "1",
                            "network_interface.0.access_config.0.assigned_nat_ip": "35.195.178.35",
                            "network_interface.0.access_config.0.nat_ip": "35.195.178.35",
                            "network_interface.0.access_config.0.network_tier": "PREMIUM",
                            "network_interface.0.access_config.0.public_ptr_domain_name": "",
                            "network_interface.0.address": "10.132.15.216",
                            "network_interface.0.alias_ip_range.#": "0",
                            "network_interface.0.name": "nic0",
                            "network_interface.0.network": "https://www.googleapis.com/compute/v1/projects/agisit1819-17-224811/global/networks/default",
                            "network_interface.0.network_ip": "10.132.15.216",
                            "network_interface.0.subnetwork": "https://www.googleapis.com/compute/v1/projects/agisit1819-17-224811/regions/europe-west1/subnetworks/default",
                            "network_interface.0.subnetwork_project": "agisit1819-17-224811",
                            "project": "agisit1819-17-224811",
                            "scheduling.#": "1",
                            "scheduling.0.automatic_restart": "false",
                            "scheduling.0.on_host_maintenance": "MIGRATE",
                            "scheduling.0.preemptible": "false",
                            "scratch_disk.#": "0",
                            "self_link": "https://www.googleapis.com/compute/v1/projects/agisit1819-17-224811/zones/europe-west1-b/instances/web3",
                            "service_account.#": "0",
                            "tags.#": "1",
                            "tags.365508689": "web",
                            "tags_fingerprint": "3d9fNIIa_10=",
                            "zone": "europe-west1-b"
                        },
                        "meta": {
                            "e2bfb730-ecaa-11e6-8f88-34363bc7c4c0": {
                                "create": 360000000000,
                                "delete": 360000000000,
                                "update": 360000000000
                            },
                            "schema_version": "6"
                        },
                        "tainted": false
                    },
                    "deposed": [],
                    "provider": "provider.google"
                },
                "google_dataproc_cluster.mycluster": {
                    "type": "google_dataproc_cluster",
                    "depends_on": [],
                    "primary": {
                        "id": "mycluster",
                        "attributes": {
                            "cluster_config.#": "1",
                            "cluster_config.0.bucket": "dataproc-f9a034e0-0019-4077-90e6-f8b71401b8ad-europe-west1",
                            "cluster_config.0.delete_autogen_bucket": "false",
                            "cluster_config.0.gce_cluster_config.#": "1",
                            "cluster_config.0.gce_cluster_config.0.internal_ip_only": "false",
                            "cluster_config.0.gce_cluster_config.0.metadata.%": "0",
                            "cluster_config.0.gce_cluster_config.0.network": "https://www.googleapis.com/compute/v1/projects/agisit1819-17-224811/global/networks/default",
                            "cluster_config.0.gce_cluster_config.0.service_account": "",
                            "cluster_config.0.gce_cluster_config.0.service_account_scopes.#": "7",
                            "cluster_config.0.gce_cluster_config.0.service_account_scopes.1245378569": "https://www.googleapis.com/auth/bigtable.admin.table",
                            "cluster_config.0.gce_cluster_config.0.service_account_scopes.1328717722": "https://www.googleapis.com/auth/devstorage.read_write",
                            "cluster_config.0.gce_cluster_config.0.service_account_scopes.1693978638": "https://www.googleapis.com/auth/devstorage.full_control",
                            "cluster_config.0.gce_cluster_config.0.service_account_scopes.172152165": "https://www.googleapis.com/auth/logging.write",
                            "cluster_config.0.gce_cluster_config.0.service_account_scopes.2401844655": "https://www.googleapis.com/auth/bigquery",
                            "cluster_config.0.gce_cluster_config.0.service_account_scopes.299921284": "https://www.googleapis.com/auth/bigtable.data",
                            "cluster_config.0.gce_cluster_config.0.service_account_scopes.3804780973": "https://www.googleapis.com/auth/cloud.useraccounts.readonly",
                            "cluster_config.0.gce_cluster_config.0.subnetwork": "",
                            "cluster_config.0.gce_cluster_config.0.tags.#": "2",
                            "cluster_config.0.gce_cluster_config.0.tags.0": "bar",
                            "cluster_config.0.gce_cluster_config.0.tags.1": "foo",
                            "cluster_config.0.gce_cluster_config.0.zone": "europe-west1-c",
                            "cluster_config.0.initialization_action.#": "1",
                            "cluster_config.0.initialization_action.0.script": "gs://dataproc-initialization-actions/stackdriver/stackdriver.sh",
                            "cluster_config.0.initialization_action.0.timeout_sec": "500",
                            "cluster_config.0.master_config.#": "1",
                            "cluster_config.0.master_config.0.disk_config.#": "1",
                            "cluster_config.0.master_config.0.disk_config.0.boot_disk_size_gb": "15",
                            "cluster_config.0.master_config.0.disk_config.0.boot_disk_type": "pd-ssd",
                            "cluster_config.0.master_config.0.disk_config.0.num_local_ssds": "0",
                            "cluster_config.0.master_config.0.instance_names.#": "1",
                            "cluster_config.0.master_config.0.instance_names.0": "mycluster-m",
                            "cluster_config.0.master_config.0.machine_type": "n1-standard-1",
                            "cluster_config.0.master_config.0.num_instances": "1",
                            "cluster_config.0.preemptible_worker_config.#": "1",
                            "cluster_config.0.preemptible_worker_config.0.disk_config.#": "1",
                            "cluster_config.0.preemptible_worker_config.0.instance_names.#": "0",
                            "cluster_config.0.preemptible_worker_config.0.num_instances": "0",
                            "cluster_config.0.software_config.#": "1",
                            "cluster_config.0.software_config.0.image_version": "1.3.7-deb9",
                            "cluster_config.0.software_config.0.override_properties.%": "1",
                            "cluster_config.0.software_config.0.override_properties.dataproc:dataproc.allow.zero.workers": "true",
                            "cluster_config.0.software_config.0.properties.%": "51",
                            "cluster_config.0.software_config.0.properties.capacity-scheduler:yarn.scheduler.capacity.root.default.ordering-policy": "fair",
                            "cluster_config.0.software_config.0.properties.core:fs.gs.block.size": "134217728",
                            "cluster_config.0.software_config.0.properties.core:fs.gs.metadata.cache.enable": "false",
                            "cluster_config.0.software_config.0.properties.dataproc:dataproc.allow.zero.workers": "true",
                            "cluster_config.0.software_config.0.properties.distcp:mapreduce.map.java.opts": "-Xmx576m",
                            "cluster_config.0.software_config.0.properties.distcp:mapreduce.map.memory.mb": "768",
                            "cluster_config.0.software_config.0.properties.distcp:mapreduce.reduce.java.opts": "-Xmx576m",
                            "cluster_config.0.software_config.0.properties.distcp:mapreduce.reduce.memory.mb": "768",
                            "cluster_config.0.software_config.0.properties.hdfs:dfs.datanode.address": "0.0.0.0:9866",
                            "cluster_config.0.software_config.0.properties.hdfs:dfs.datanode.http.address": "0.0.0.0:9864",
                            "cluster_config.0.software_config.0.properties.hdfs:dfs.datanode.https.address": "0.0.0.0:9865",
                            "cluster_config.0.software_config.0.properties.hdfs:dfs.datanode.ipc.address": "0.0.0.0:9867",
                            "cluster_config.0.software_config.0.properties.hdfs:dfs.namenode.handler.count": "40",
                            "cluster_config.0.software_config.0.properties.hdfs:dfs.namenode.http-address": "0.0.0.0:9870",
                            "cluster_config.0.software_config.0.properties.hdfs:dfs.namenode.https-address": "0.0.0.0:9871",
                            "cluster_config.0.software_config.0.properties.hdfs:dfs.namenode.lifeline.rpc-address": "mycluster-m:8050",
                            "cluster_config.0.software_config.0.properties.hdfs:dfs.namenode.secondary.http-address": "0.0.0.0:9868",
                            "cluster_config.0.software_config.0.properties.hdfs:dfs.namenode.secondary.https-address": "0.0.0.0:9869",
                            "cluster_config.0.software_config.0.properties.hdfs:dfs.namenode.service.handler.count": "20",
                            "cluster_config.0.software_config.0.properties.hdfs:dfs.namenode.servicerpc-address": "mycluster-m:8051",
                            "cluster_config.0.software_config.0.properties.mapred-env:HADOOP_JOB_HISTORYSERVER_HEAPSIZE": "1000",
                            "cluster_config.0.software_config.0.properties.mapred:mapreduce.job.maps": "24",
                            "cluster_config.0.software_config.0.properties.mapred:mapreduce.job.reduce.slowstart.completedmaps": "0.95",
                            "cluster_config.0.software_config.0.properties.mapred:mapreduce.job.reduces": "3",
                            "cluster_config.0.software_config.0.properties.mapred:mapreduce.map.cpu.vcores": "1",
                            "cluster_config.0.software_config.0.properties.mapred:mapreduce.map.java.opts": "-Xmx819m",
                            "cluster_config.0.software_config.0.properties.mapred:mapreduce.map.memory.mb": "1024",
                            "cluster_config.0.software_config.0.properties.mapred:mapreduce.reduce.cpu.vcores": "1",
                            "cluster_config.0.software_config.0.properties.mapred:mapreduce.reduce.java.opts": "-Xmx1638m",
                            "cluster_config.0.software_config.0.properties.mapred:mapreduce.reduce.memory.mb": "2048",
                            "cluster_config.0.software_config.0.properties.mapred:mapreduce.task.io.sort.mb": "256",
                            "cluster_config.0.software_config.0.properties.mapred:yarn.app.mapreduce.am.command-opts": "-Xmx819m",
                            "cluster_config.0.software_config.0.properties.mapred:yarn.app.mapreduce.am.resource.cpu-vcores": "1",
                            "cluster_config.0.software_config.0.properties.mapred:yarn.app.mapreduce.am.resource.mb": "1024",
                            "cluster_config.0.software_config.0.properties.presto-jvm:MaxHeapSize": "3072m",
                            "cluster_config.0.software_config.0.properties.presto:query.max-memory-per-node": "1843MB",
                            "cluster_config.0.software_config.0.properties.presto:query.max-total-memory-per-node": "1843MB",
                            "cluster_config.0.software_config.0.properties.spark-env:SPARK_DAEMON_MEMORY": "1000m",
                            "cluster_config.0.software_config.0.properties.spark:spark.driver.maxResultSize": "480m",
                            "cluster_config.0.software_config.0.properties.spark:spark.driver.memory": "960m",
                            "cluster_config.0.software_config.0.properties.spark:spark.executor.cores": "1",
                            "cluster_config.0.software_config.0.properties.spark:spark.executor.instances": "2",
                            "cluster_config.0.software_config.0.properties.spark:spark.executor.memory": "2688m",
                            "cluster_config.0.software_config.0.properties.spark:spark.executorEnv.OPENBLAS_NUM_THREADS": "1",
                            "cluster_config.0.software_config.0.properties.spark:spark.scheduler.mode": "FAIR",
                            "cluster_config.0.software_config.0.properties.spark:spark.sql.cbo.enabled": "true",
                            "cluster_config.0.software_config.0.properties.spark:spark.yarn.am.memory": "640m",
                            "cluster_config.0.software_config.0.properties.yarn-env:YARN_TIMELINESERVER_HEAPSIZE": "1000",
                            "cluster_config.0.software_config.0.properties.yarn:yarn.nodemanager.resource.memory-mb": "3072",
                            "cluster_config.0.software_config.0.properties.yarn:yarn.scheduler.maximum-allocation-mb": "3072",
                            "cluster_config.0.software_config.0.properties.yarn:yarn.scheduler.minimum-allocation-mb": "256",
                            "cluster_config.0.staging_bucket": "",
                            "cluster_config.0.worker_config.#": "1",
                            "cluster_config.0.worker_config.0.disk_config.#": "1",
                            "cluster_config.0.worker_config.0.disk_config.0.boot_disk_size_gb": "15",
                            "cluster_config.0.worker_config.0.disk_config.0.boot_disk_type": "pd-standard",
                            "cluster_config.0.worker_config.0.disk_config.0.num_local_ssds": "1",
                            "cluster_config.0.worker_config.0.instance_names.#": "3",
                            "cluster_config.0.worker_config.0.instance_names.0": "mycluster-w-0",
                            "cluster_config.0.worker_config.0.instance_names.1": "mycluster-w-1",
                            "cluster_config.0.worker_config.0.instance_names.2": "mycluster-w-2",
                            "cluster_config.0.worker_config.0.machine_type": "n1-standard-1",
                            "cluster_config.0.worker_config.0.num_instances": "3",
                            "id": "mycluster",
                            "labels.%": "4",
                            "labels.foo": "bar",
                            "labels.goog-dataproc-cluster-name": "mycluster",
                            "labels.goog-dataproc-cluster-uuid": "c80e13a6-c6a7-4416-a0c4-bf753a4f2d79",
                            "labels.goog-dataproc-location": "europe-west1",
                            "name": "mycluster",
                            "project": "agisit1819-17-224811",
                            "region": "europe-west1"
                        },
                        "meta": {
                            "e2bfb730-ecaa-11e6-8f88-34363bc7c4c0": {
                                "create": 900000000000,
                                "delete": 300000000000,
                                "update": 300000000000
                            }
                        },
                        "tainted": false
                    },
                    "deposed": [],
                    "provider": "provider.google"
                }
            },
            "depends_on": []
        }
    ]
}
